{
  "name": "node",
  "version": "1.0.0",
  "lockfileVersion": 2,
  "requires": true,
  "packages": {
    "": {
      "name": "node",
      "version": "1.0.0",
      "license": "ISC"
    },
    "../wasm-rust/pkg": {
      "name": "wasm-rust",
      "version": "0.1.0"
    },
    "node_modules/wasm-rust": {
      "resolved": "../wasm-rust/pkg",
      "link": true
    }
  },
  "dependencies": {
    "wasm-rust": {
      "version": "file:../wasm-rust/pkg"
    }
  }
}
