{
  "name": "json-tests",
  "lockfileVersion": 2,
  "requires": true,
  "packages": {
    "": {
      "dependencies": {
        "zod": "^3.17.10"
      }
    },
    "node_modules/zod": {
      "version": "3.17.10",
      "resolved": "https://registry.npmjs.org/zod/-/zod-3.17.10.tgz",
      "integrity": "sha512-IHXnQYQuOOOL/XgHhgl8YjNxBHi3xX0mVcHmqsvJgcxKkEczPshoWdxqyFwsARpf41E0v9U95WUROqsHHxt0UQ==",
      "funding": {
        "url": "https://github.com/sponsors/colinhacks"
      }
    }
  },
  "dependencies": {
    "zod": {
      "version": "3.17.10",
      "resolved": "https://registry.npmjs.org/zod/-/zod-3.17.10.tgz",
      "integrity": "sha512-IHXnQYQuOOOL/XgHhgl8YjNxBHi3xX0mVcHmqsvJgcxKkEczPshoWdxqyFwsARpf41E0v9U95WUROqsHHxt0UQ=="
    }
  }
}
